
Microsoft Visual Studio Solution File, Format Version 12.00
# Visual Studio Version 17
VisualStudioVersion = 17.1.32210.238
MinimumVisualStudioVersion = 10.0.40219.1
Project("{9A19103F-16F7-4668-BE54-9A1E7A4F7556}") = "CadastroDeSeriesDIO", "CadastroDeSeriesDIO.csproj", "{BDCC0787-65F3-41DB-8A4B-4F2223A13A02}"
EndProject
Global
	GlobalSection(SolutionConfigurationPlatforms) = preSolution
		Debug|Any CPU = Debug|Any CPU
		Release|Any CPU = Release|Any CPU
	EndGlobalSection
	GlobalSection(ProjectConfigurationPlatforms) = postSolution
		{BDCC0787-65F3-41DB-8A4B-4F2223A13A02}.Debug|Any CPU.ActiveCfg = Debug|Any CPU
		{BDCC0787-65F3-41DB-8A4B-4F2223A13A02}.Debug|Any CPU.Build.0 = Debug|Any CPU
		{BDCC0787-65F3-41DB-8A4B-4F2223A13A02}.Release|Any CPU.ActiveCfg = Release|Any CPU
		{BDCC0787-65F3-41DB-8A4B-4F2223A13A02}.Release|Any CPU.Build.0 = Release|Any CPU
	EndGlobalSection
	GlobalSection(SolutionProperties) = preSolution
		HideSolutionNode = FALSE
	EndGlobalSection
	GlobalSection(ExtensibilityGlobals) = postSolution
		SolutionGuid = {90CEEC5D-AC69-4777-9F5D-B56FD41D7EA1}
	EndGlobalSection
EndGlobal
